// !$*UTF8*$!
{
	archiveVersion = 1;
	classes = {
	};
	objectVersion = 56;
	objects = {

/* Begin PBXBuildFile section */
		397E18C82C738B4E00D66D51 /* GameOverView.swift in Sources */ = {isa = PBXBuildFile; fileRef = 397E18C72C738B4E00D66D51 /* GameOverView.swift */; };
		397E18CA2C738D7900D66D51 /* GifImage.swift in Sources */ = {isa = PBXBuildFile; fileRef = 397E18C92C738D7900D66D51 /* GifImage.swift */; };
		397E18CF2C738FBF00D66D51 /* bomb.gif in Resources */ = {isa = PBXBuildFile; fileRef = 397E18CE2C738FBF00D66D51 /* bomb.gif */; };
		397E18D12C7394FD00D66D51 /* WinView.swift in Sources */ = {isa = PBXBuildFile; fileRef = 397E18D02C7394FD00D66D51 /* WinView.swift */; };
		397E18D72C73960100D66D51 /* win.gif in Resources */ = {isa = PBXBuildFile; fileRef = 397E18D62C73960100D66D51 /* win.gif */; };
		397E18E22C73A08E00D66D51 /* OrientationManager.swift in Sources */ = {isa = PBXBuildFile; fileRef = 397E18E12C73A08E00D66D51 /* OrientationManager.swift */; };
		397E18E82C74534C00D66D51 /* ScreenSize.swift in Sources */ = {isa = PBXBuildFile; fileRef = 397E18E72C74534C00D66D51 /* ScreenSize.swift */; };
		397E18EC2C74D77300D66D51 /* turn.gif in Resources */ = {isa = PBXBuildFile; fileRef = 397E18EB2C74D77300D66D51 /* turn.gif */; };
		3993DE472C6E300C009D31CE /* SeeFutureDialog.swift in Sources */ = {isa = PBXBuildFile; fileRef = 3993DE462C6E300C009D31CE /* SeeFutureDialog.swift */; };
		39A148CD2C68CE2500D35D71 /* ExplodingKittensApp.swift in Sources */ = {isa = PBXBuildFile; fileRef = 39A148CC2C68CE2500D35D71 /* ExplodingKittensApp.swift */; };
		39A148CF2C68CE2500D35D71 /* ContentView.swift in Sources */ = {isa = PBXBuildFile; fileRef = 39A148CE2C68CE2500D35D71 /* ContentView.swift */; };
		39A148D12C68CE2700D35D71 /* Assets.xcassets in Resources */ = {isa = PBXBuildFile; fileRef = 39A148D02C68CE2700D35D71 /* Assets.xcassets */; };
		39A148D42C68CE2700D35D71 /* Preview Assets.xcassets in Resources */ = {isa = PBXBuildFile; fileRef = 39A148D32C68CE2700D35D71 /* Preview Assets.xcassets */; };
		39A148DE2C68CE4300D35D71 /* ModelData.swift in Sources */ = {isa = PBXBuildFile; fileRef = 39A148DB2C68CE4300D35D71 /* ModelData.swift */; };
		39A148DF2C68CE4300D35D71 /* cards.json in Resources */ = {isa = PBXBuildFile; fileRef = 39A148DC2C68CE4300D35D71 /* cards.json */; };
		39A148E02C68CE4300D35D71 /* Card.swift in Sources */ = {isa = PBXBuildFile; fileRef = 39A148DD2C68CE4300D35D71 /* Card.swift */; };
		39A148E42C68D3DC00D35D71 /* GameView.swift in Sources */ = {isa = PBXBuildFile; fileRef = 39A148E32C68D3DC00D35D71 /* GameView.swift */; };
		39A148EB2C68D5BC00D35D71 /* AppDelegate.swift in Sources */ = {isa = PBXBuildFile; fileRef = 39A148E82C68D5BC00D35D71 /* AppDelegate.swift */; };
		39A148EC2C68D5BC00D35D71 /* DragDropDelegate.swift in Sources */ = {isa = PBXBuildFile; fileRef = 39A148E92C68D5BC00D35D71 /* DragDropDelegate.swift */; };
		39A148ED2C68D5BC00D35D71 /* Modifier.swift in Sources */ = {isa = PBXBuildFile; fileRef = 39A148EA2C68D5BC00D35D71 /* Modifier.swift */; };
		39A148EF2C68D5D300D35D71 /* CardList.swift in Sources */ = {isa = PBXBuildFile; fileRef = 39A148EE2C68D5D300D35D71 /* CardList.swift */; };
		39A148F12C68FAEC00D35D71 /* DropDestination.swift in Sources */ = {isa = PBXBuildFile; fileRef = 39A148F02C68FAEC00D35D71 /* DropDestination.swift */; };
		39A148F32C690E3900D35D71 /* DragCardList.swift in Sources */ = {isa = PBXBuildFile; fileRef = 39A148F22C690E3900D35D71 /* DragCardList.swift */; };
		39A148F52C690F2B00D35D71 /* PlayFunction.swift in Sources */ = {isa = PBXBuildFile; fileRef = 39A148F42C690F2B00D35D71 /* PlayFunction.swift */; };
		39A148F72C691C1A00D35D71 /* PickCardList.swift in Sources */ = {isa = PBXBuildFile; fileRef = 39A148F62C691C1A00D35D71 /* PickCardList.swift */; };
		39A148F92C6B5A0800D35D71 /* Player.swift in Sources */ = {isa = PBXBuildFile; fileRef = 39A148F82C6B5A0800D35D71 /* Player.swift */; };
		39BBB71F2C6FA37700AA77E6 /* PickStealCard.swift in Sources */ = {isa = PBXBuildFile; fileRef = 39BBB71E2C6FA37700AA77E6 /* PickStealCard.swift */; };
		39BBB7232C731BA400AA77E6 /* PickStealPlayer.swift in Sources */ = {isa = PBXBuildFile; fileRef = 39BBB7222C731BA400AA77E6 /* PickStealPlayer.swift */; };
/* End PBXBuildFile section */

/* Begin PBXFileReference section */
		397E18C72C738B4E00D66D51 /* GameOverView.swift */ = {isa = PBXFileReference; lastKnownFileType = sourcecode.swift; path = GameOverView.swift; sourceTree = "<group>"; };
		397E18C92C738D7900D66D51 /* GifImage.swift */ = {isa = PBXFileReference; lastKnownFileType = sourcecode.swift; path = GifImage.swift; sourceTree = "<group>"; };
		397E18CE2C738FBF00D66D51 /* bomb.gif */ = {isa = PBXFileReference; lastKnownFileType = image.gif; path = bomb.gif; sourceTree = "<group>"; };
		397E18D02C7394FD00D66D51 /* WinView.swift */ = {isa = PBXFileReference; lastKnownFileType = sourcecode.swift; path = WinView.swift; sourceTree = "<group>"; };
		397E18D62C73960100D66D51 /* win.gif */ = {isa = PBXFileReference; lastKnownFileType = image.gif; name = win.gif; path = ../../../../../../../../Downloads/win.gif; sourceTree = "<group>"; };
		397E18DE2C739EE700D66D51 /* Info.plist */ = {isa = PBXFileReference; lastKnownFileType = text.plist; path = Info.plist; sourceTree = "<group>"; };
		397E18E12C73A08E00D66D51 /* OrientationManager.swift */ = {isa = PBXFileReference; lastKnownFileType = sourcecode.swift; path = OrientationManager.swift; sourceTree = "<group>"; };
		397E18E72C74534C00D66D51 /* ScreenSize.swift */ = {isa = PBXFileReference; lastKnownFileType = sourcecode.swift; path = ScreenSize.swift; sourceTree = "<group>"; };
		397E18EB2C74D77300D66D51 /* turn.gif */ = {isa = PBXFileReference; lastKnownFileType = image.gif; path = turn.gif; sourceTree = "<group>"; };
		3993DE462C6E300C009D31CE /* SeeFutureDialog.swift */ = {isa = PBXFileReference; lastKnownFileType = sourcecode.swift; path = SeeFutureDialog.swift; sourceTree = "<group>"; };
		39A148C92C68CE2500D35D71 /* ExplodingKittens.app */ = {isa = PBXFileReference; explicitFileType = wrapper.application; includeInIndex = 0; path = ExplodingKittens.app; sourceTree = BUILT_PRODUCTS_DIR; };
		39A148CC2C68CE2500D35D71 /* ExplodingKittensApp.swift */ = {isa = PBXFileReference; lastKnownFileType = sourcecode.swift; path = ExplodingKittensApp.swift; sourceTree = "<group>"; };
		39A148CE2C68CE2500D35D71 /* ContentView.swift */ = {isa = PBXFileReference; lastKnownFileType = sourcecode.swift; path = ContentView.swift; sourceTree = "<group>"; };
		39A148D02C68CE2700D35D71 /* Assets.xcassets */ = {isa = PBXFileReference; lastKnownFileType = folder.assetcatalog; path = Assets.xcassets; sourceTree = "<group>"; };
		39A148D32C68CE2700D35D71 /* Preview Assets.xcassets */ = {isa = PBXFileReference; lastKnownFileType = folder.assetcatalog; path = "Preview Assets.xcassets"; sourceTree = "<group>"; };
		39A148DB2C68CE4300D35D71 /* ModelData.swift */ = {isa = PBXFileReference; fileEncoding = 4; lastKnownFileType = sourcecode.swift; path = ModelData.swift; sourceTree = "<group>"; };
		39A148DC2C68CE4300D35D71 /* cards.json */ = {isa = PBXFileReference; fileEncoding = 4; lastKnownFileType = text.json; path = cards.json; sourceTree = "<group>"; };
		39A148DD2C68CE4300D35D71 /* Card.swift */ = {isa = PBXFileReference; fileEncoding = 4; lastKnownFileType = sourcecode.swift; path = Card.swift; sourceTree = "<group>"; };
		39A148E32C68D3DC00D35D71 /* GameView.swift */ = {isa = PBXFileReference; lastKnownFileType = sourcecode.swift; path = GameView.swift; sourceTree = "<group>"; };
		39A148E82C68D5BC00D35D71 /* AppDelegate.swift */ = {isa = PBXFileReference; fileEncoding = 4; lastKnownFileType = sourcecode.swift; path = AppDelegate.swift; sourceTree = "<group>"; };
		39A148E92C68D5BC00D35D71 /* DragDropDelegate.swift */ = {isa = PBXFileReference; fileEncoding = 4; lastKnownFileType = sourcecode.swift; path = DragDropDelegate.swift; sourceTree = "<group>"; };
		39A148EA2C68D5BC00D35D71 /* Modifier.swift */ = {isa = PBXFileReference; fileEncoding = 4; lastKnownFileType = sourcecode.swift; path = Modifier.swift; sourceTree = "<group>"; };
		39A148EE2C68D5D300D35D71 /* CardList.swift */ = {isa = PBXFileReference; fileEncoding = 4; lastKnownFileType = sourcecode.swift; path = CardList.swift; sourceTree = "<group>"; };
		39A148F02C68FAEC00D35D71 /* DropDestination.swift */ = {isa = PBXFileReference; lastKnownFileType = sourcecode.swift; path = DropDestination.swift; sourceTree = "<group>"; };
		39A148F22C690E3900D35D71 /* DragCardList.swift */ = {isa = PBXFileReference; lastKnownFileType = sourcecode.swift; path = DragCardList.swift; sourceTree = "<group>"; };
		39A148F42C690F2B00D35D71 /* PlayFunction.swift */ = {isa = PBXFileReference; lastKnownFileType = sourcecode.swift; path = PlayFunction.swift; sourceTree = "<group>"; };
		39A148F62C691C1A00D35D71 /* PickCardList.swift */ = {isa = PBXFileReference; lastKnownFileType = sourcecode.swift; path = PickCardList.swift; sourceTree = "<group>"; };
		39A148F82C6B5A0800D35D71 /* Player.swift */ = {isa = PBXFileReference; lastKnownFileType = sourcecode.swift; path = Player.swift; sourceTree = "<group>"; };
		39BBB71E2C6FA37700AA77E6 /* PickStealCard.swift */ = {isa = PBXFileReference; lastKnownFileType = sourcecode.swift; path = PickStealCard.swift; sourceTree = "<group>"; };
		39BBB7222C731BA400AA77E6 /* PickStealPlayer.swift */ = {isa = PBXFileReference; lastKnownFileType = sourcecode.swift; path = PickStealPlayer.swift; sourceTree = "<group>"; };
/* End PBXFileReference section */

/* Begin PBXFrameworksBuildPhase section */
		39A148C62C68CE2500D35D71 /* Frameworks */ = {
			isa = PBXFrameworksBuildPhase;
			buildActionMask = 2147483647;
			files = (
			);
			runOnlyForDeploymentPostprocessing = 0;
		};
/* End PBXFrameworksBuildPhase section */

/* Begin PBXGroup section */
		397E18CB2C738EED00D66D51 /* GIF */ = {
			isa = PBXGroup;
			children = (
				397E18CE2C738FBF00D66D51 /* bomb.gif */,
				397E18EB2C74D77300D66D51 /* turn.gif */,
				397E18D62C73960100D66D51 /* win.gif */,
			);
			path = GIF;
			sourceTree = "<group>";
		};
		39A148C02C68CE2500D35D71 = {
			isa = PBXGroup;
			children = (
				39A148CB2C68CE2500D35D71 /* ExplodingKittens */,
				39A148CA2C68CE2500D35D71 /* Products */,
			);
			sourceTree = "<group>";
		};
		39A148CA2C68CE2500D35D71 /* Products */ = {
			isa = PBXGroup;
			children = (
				39A148C92C68CE2500D35D71 /* ExplodingKittens.app */,
			);
			name = Products;
			sourceTree = "<group>";
		};
		39A148CB2C68CE2500D35D71 /* ExplodingKittens */ = {
			isa = PBXGroup;
			children = (
				397E18DE2C739EE700D66D51 /* Info.plist */,
				397E18CB2C738EED00D66D51 /* GIF */,
				39A148E72C68D5B300D35D71 /* Helper */,
				39A148E12C68D3C600D35D71 /* View */,
				39A148DA2C68CE3600D35D71 /* Model */,
				39A148CC2C68CE2500D35D71 /* ExplodingKittensApp.swift */,
				39A148D02C68CE2700D35D71 /* Assets.xcassets */,
				39A148D22C68CE2700D35D71 /* Preview Content */,
			);
			path = ExplodingKittens;
			sourceTree = "<group>";
		};
		39A148D22C68CE2700D35D71 /* Preview Content */ = {
			isa = PBXGroup;
			children = (
				39A148D32C68CE2700D35D71 /* Preview Assets.xcassets */,
			);
			path = "Preview Content";
			sourceTree = "<group>";
		};
		39A148DA2C68CE3600D35D71 /* Model */ = {
			isa = PBXGroup;
			children = (
				39A148DD2C68CE4300D35D71 /* Card.swift */,
				39A148DC2C68CE4300D35D71 /* cards.json */,
				39A148DB2C68CE4300D35D71 /* ModelData.swift */,
				39A148F82C6B5A0800D35D71 /* Player.swift */,
			);
			path = Model;
			sourceTree = "<group>";
		};
		39A148E12C68D3C600D35D71 /* View */ = {
			isa = PBXGroup;
			children = (
				39A148CE2C68CE2500D35D71 /* ContentView.swift */,
				39A148E22C68D3CC00D35D71 /* GameView */,
			);
			path = View;
			sourceTree = "<group>";
		};
		39A148E22C68D3CC00D35D71 /* GameView */ = {
			isa = PBXGroup;
			children = (
				39A148EE2C68D5D300D35D71 /* CardList.swift */,
				39A148E32C68D3DC00D35D71 /* GameView.swift */,
				39A148F02C68FAEC00D35D71 /* DropDestination.swift */,
				39A148F22C690E3900D35D71 /* DragCardList.swift */,
				39A148F62C691C1A00D35D71 /* PickCardList.swift */,
				3993DE462C6E300C009D31CE /* SeeFutureDialog.swift */,
				39BBB71E2C6FA37700AA77E6 /* PickStealCard.swift */,
				39BBB7222C731BA400AA77E6 /* PickStealPlayer.swift */,
				397E18C72C738B4E00D66D51 /* GameOverView.swift */,
				397E18D02C7394FD00D66D51 /* WinView.swift */,
			);
			path = GameView;
			sourceTree = "<group>";
		};
		39A148E72C68D5B300D35D71 /* Helper */ = {
			isa = PBXGroup;
			children = (
				39A148E82C68D5BC00D35D71 /* AppDelegate.swift */,
				39A148E92C68D5BC00D35D71 /* DragDropDelegate.swift */,
				39A148EA2C68D5BC00D35D71 /* Modifier.swift */,
				39A148F42C690F2B00D35D71 /* PlayFunction.swift */,
				397E18C92C738D7900D66D51 /* GifImage.swift */,
				397E18E12C73A08E00D66D51 /* OrientationManager.swift */,
				397E18E72C74534C00D66D51 /* ScreenSize.swift */,
			);
			path = Helper;
			sourceTree = "<group>";
		};
/* End PBXGroup section */

/* Begin PBXNativeTarget section */
		39A148C82C68CE2500D35D71 /* ExplodingKittens */ = {
			isa = PBXNativeTarget;
			buildConfigurationList = 39A148D72C68CE2700D35D71 /* Build configuration list for PBXNativeTarget "ExplodingKittens" */;
			buildPhases = (
				39A148C52C68CE2500D35D71 /* Sources */,
				39A148C62C68CE2500D35D71 /* Frameworks */,
				39A148C72C68CE2500D35D71 /* Resources */,
			);
			buildRules = (
			);
			dependencies = (
			);
			name = ExplodingKittens;
			productName = ExplodingKittens;
			productReference = 39A148C92C68CE2500D35D71 /* ExplodingKittens.app */;
			productType = "com.apple.product-type.application";
		};
/* End PBXNativeTarget section */

/* Begin PBXProject section */
		39A148C12C68CE2500D35D71 /* Project object */ = {
			isa = PBXProject;
			attributes = {
				BuildIndependentTargetsInParallel = 1;
				LastSwiftUpdateCheck = 1540;
				LastUpgradeCheck = 1540;
				TargetAttributes = {
					39A148C82C68CE2500D35D71 = {
						CreatedOnToolsVersion = 15.4;
					};
				};
			};
			buildConfigurationList = 39A148C42C68CE2500D35D71 /* Build configuration list for PBXProject "ExplodingKittens" */;
			compatibilityVersion = "Xcode 14.0";
			developmentRegion = en;
			hasScannedForEncodings = 0;
			knownRegions = (
				en,
				Base,
			);
			mainGroup = 39A148C02C68CE2500D35D71;
			productRefGroup = 39A148CA2C68CE2500D35D71 /* Products */;
			projectDirPath = "";
			projectRoot = "";
			targets = (
				39A148C82C68CE2500D35D71 /* ExplodingKittens */,
			);
		};
/* End PBXProject section */

/* Begin PBXResourcesBuildPhase section */
		39A148C72C68CE2500D35D71 /* Resources */ = {
			isa = PBXResourcesBuildPhase;
			buildActionMask = 2147483647;
			files = (
				397E18CF2C738FBF00D66D51 /* bomb.gif in Resources */,
				397E18EC2C74D77300D66D51 /* turn.gif in Resources */,
				39A148D42C68CE2700D35D71 /* Preview Assets.xcassets in Resources */,
				397E18D72C73960100D66D51 /* win.gif in Resources */,
				39A148DF2C68CE4300D35D71 /* cards.json in Resources */,
				39A148D12C68CE2700D35D71 /* Assets.xcassets in Resources */,
			);
			runOnlyForDeploymentPostprocessing = 0;
		};
/* End PBXResourcesBuildPhase section */

/* Begin PBXSourcesBuildPhase section */
		39A148C52C68CE2500D35D71 /* Sources */ = {
			isa = PBXSourcesBuildPhase;
			buildActionMask = 2147483647;
			files = (
				39A148ED2C68D5BC00D35D71 /* Modifier.swift in Sources */,
				39A148F52C690F2B00D35D71 /* PlayFunction.swift in Sources */,
				397E18E22C73A08E00D66D51 /* OrientationManager.swift in Sources */,
				39A148F32C690E3900D35D71 /* DragCardList.swift in Sources */,
				397E18CA2C738D7900D66D51 /* GifImage.swift in Sources */,
				39A148F12C68FAEC00D35D71 /* DropDestination.swift in Sources */,
				397E18E82C74534C00D66D51 /* ScreenSize.swift in Sources */,
				397E18D12C7394FD00D66D51 /* WinView.swift in Sources */,
				39A148F92C6B5A0800D35D71 /* Player.swift in Sources */,
				39A148EB2C68D5BC00D35D71 /* AppDelegate.swift in Sources */,
				39A148EC2C68D5BC00D35D71 /* DragDropDelegate.swift in Sources */,
				39A148CF2C68CE2500D35D71 /* ContentView.swift in Sources */,
				39A148EF2C68D5D300D35D71 /* CardList.swift in Sources */,
				39A148F72C691C1A00D35D71 /* PickCardList.swift in Sources */,
				39BBB7232C731BA400AA77E6 /* PickStealPlayer.swift in Sources */,
				39A148CD2C68CE2500D35D71 /* ExplodingKittensApp.swift in Sources */,
				39A148DE2C68CE4300D35D71 /* ModelData.swift in Sources */,
				39BBB71F2C6FA37700AA77E6 /* PickStealCard.swift in Sources */,
				3993DE472C6E300C009D31CE /* SeeFutureDialog.swift in Sources */,
				39A148E02C68CE4300D35D71 /* Card.swift in Sources */,
				397E18C82C738B4E00D66D51 /* GameOverView.swift in Sources */,
				39A148E42C68D3DC00D35D71 /* GameView.swift in Sources */,
			);
			runOnlyForDeploymentPostprocessing = 0;
		};
/* End PBXSourcesBuildPhase section */

/* Begin XCBuildConfiguration section */
		39A148D52C68CE2700D35D71 /* Debug */ = {
			isa = XCBuildConfiguration;
			buildSettings = {
				ALWAYS_SEARCH_USER_PATHS = NO;
				ASSETCATALOG_COMPILER_GENERATE_SWIFT_ASSET_SYMBOL_EXTENSIONS = YES;
				CLANG_ANALYZER_NONNULL = YES;
				CLANG_ANALYZER_NUMBER_OBJECT_CONVERSION = YES_AGGRESSIVE;
				CLANG_CXX_LANGUAGE_STANDARD = "gnu++20";
				CLANG_ENABLE_MODULES = YES;
				CLANG_ENABLE_OBJC_ARC = YES;
				CLANG_ENABLE_OBJC_WEAK = YES;
				CLANG_WARN_BLOCK_CAPTURE_AUTORELEASING = YES;
				CLANG_WARN_BOOL_CONVERSION = YES;
				CLANG_WARN_COMMA = YES;
				CLANG_WARN_CONSTANT_CONVERSION = YES;
				CLANG_WARN_DEPRECATED_OBJC_IMPLEMENTATIONS = YES;
				CLANG_WARN_DIRECT_OBJC_ISA_USAGE = YES_ERROR;
				CLANG_WARN_DOCUMENTATION_COMMENTS = YES;
				CLANG_WARN_EMPTY_BODY = YES;
				CLANG_WARN_ENUM_CONVERSION = YES;
				CLANG_WARN_INFINITE_RECURSION = YES;
				CLANG_WARN_INT_CONVERSION = YES;
				CLANG_WARN_NON_LITERAL_NULL_CONVERSION = YES;
				CLANG_WARN_OBJC_IMPLICIT_RETAIN_SELF = YES;
				CLANG_WARN_OBJC_LITERAL_CONVERSION = YES;
				CLANG_WARN_OBJC_ROOT_CLASS = YES_ERROR;
				CLANG_WARN_QUOTED_INCLUDE_IN_FRAMEWORK_HEADER = YES;
				CLANG_WARN_RANGE_LOOP_ANALYSIS = YES;
				CLANG_WARN_STRICT_PROTOTYPES = YES;
				CLANG_WARN_SUSPICIOUS_MOVE = YES;
				CLANG_WARN_UNGUARDED_AVAILABILITY = YES_AGGRESSIVE;
				CLANG_WARN_UNREACHABLE_CODE = YES;
				CLANG_WARN__DUPLICATE_METHOD_MATCH = YES;
				COPY_PHASE_STRIP = NO;
				DEBUG_INFORMATION_FORMAT = dwarf;
				ENABLE_STRICT_OBJC_MSGSEND = YES;
				ENABLE_TESTABILITY = YES;
				ENABLE_USER_SCRIPT_SANDBOXING = YES;
				GCC_C_LANGUAGE_STANDARD = gnu17;
				GCC_DYNAMIC_NO_PIC = NO;
				GCC_NO_COMMON_BLOCKS = YES;
				GCC_OPTIMIZATION_LEVEL = 0;
				GCC_PREPROCESSOR_DEFINITIONS = (
					"DEBUG=1",
					"$(inherited)",
				);
				GCC_WARN_64_TO_32_BIT_CONVERSION = YES;
				GCC_WARN_ABOUT_RETURN_TYPE = YES_ERROR;
				GCC_WARN_UNDECLARED_SELECTOR = YES;
				GCC_WARN_UNINITIALIZED_AUTOS = YES_AGGRESSIVE;
				GCC_WARN_UNUSED_FUNCTION = YES;
				GCC_WARN_UNUSED_VARIABLE = YES;
				IPHONEOS_DEPLOYMENT_TARGET = 17.5;
				LOCALIZATION_PREFERS_STRING_CATALOGS = YES;
				MTL_ENABLE_DEBUG_INFO = INCLUDE_SOURCE;
				MTL_FAST_MATH = YES;
				ONLY_ACTIVE_ARCH = YES;
				SDKROOT = iphoneos;
				SWIFT_ACTIVE_COMPILATION_CONDITIONS = "DEBUG $(inherited)";
				SWIFT_OPTIMIZATION_LEVEL = "-Onone";
			};
			name = Debug;
		};
		39A148D62C68CE2700D35D71 /* Release */ = {
			isa = XCBuildConfiguration;
			buildSettings = {
				ALWAYS_SEARCH_USER_PATHS = NO;
				ASSETCATALOG_COMPILER_GENERATE_SWIFT_ASSET_SYMBOL_EXTENSIONS = YES;
				CLANG_ANALYZER_NONNULL = YES;
				CLANG_ANALYZER_NUMBER_OBJECT_CONVERSION = YES_AGGRESSIVE;
				CLANG_CXX_LANGUAGE_STANDARD = "gnu++20";
				CLANG_ENABLE_MODULES = YES;
				CLANG_ENABLE_OBJC_ARC = YES;
				CLANG_ENABLE_OBJC_WEAK = YES;
				CLANG_WARN_BLOCK_CAPTURE_AUTORELEASING = YES;
				CLANG_WARN_BOOL_CONVERSION = YES;
				CLANG_WARN_COMMA = YES;
				CLANG_WARN_CONSTANT_CONVERSION = YES;
				CLANG_WARN_DEPRECATED_OBJC_IMPLEMENTATIONS = YES;
				CLANG_WARN_DIRECT_OBJC_ISA_USAGE = YES_ERROR;
				CLANG_WARN_DOCUMENTATION_COMMENTS = YES;
				CLANG_WARN_EMPTY_BODY = YES;
				CLANG_WARN_ENUM_CONVERSION = YES;
				CLANG_WARN_INFINITE_RECURSION = YES;
				CLANG_WARN_INT_CONVERSION = YES;
				CLANG_WARN_NON_LITERAL_NULL_CONVERSION = YES;
				CLANG_WARN_OBJC_IMPLICIT_RETAIN_SELF = YES;
				CLANG_WARN_OBJC_LITERAL_CONVERSION = YES;
				CLANG_WARN_OBJC_ROOT_CLASS = YES_ERROR;
				CLANG_WARN_QUOTED_INCLUDE_IN_FRAMEWORK_HEADER = YES;
				CLANG_WARN_RANGE_LOOP_ANALYSIS = YES;
				CLANG_WARN_STRICT_PROTOTYPES = YES;
				CLANG_WARN_SUSPICIOUS_MOVE = YES;
				CLANG_WARN_UNGUARDED_AVAILABILITY = YES_AGGRESSIVE;
				CLANG_WARN_UNREACHABLE_CODE = YES;
				CLANG_WARN__DUPLICATE_METHOD_MATCH = YES;
				COPY_PHASE_STRIP = NO;
				DEBUG_INFORMATION_FORMAT = "dwarf-with-dsym";
				ENABLE_NS_ASSERTIONS = NO;
				ENABLE_STRICT_OBJC_MSGSEND = YES;
				ENABLE_USER_SCRIPT_SANDBOXING = YES;
				GCC_C_LANGUAGE_STANDARD = gnu17;
				GCC_NO_COMMON_BLOCKS = YES;
				GCC_WARN_64_TO_32_BIT_CONVERSION = YES;
				GCC_WARN_ABOUT_RETURN_TYPE = YES_ERROR;
				GCC_WARN_UNDECLARED_SELECTOR = YES;
				GCC_WARN_UNINITIALIZED_AUTOS = YES_AGGRESSIVE;
				GCC_WARN_UNUSED_FUNCTION = YES;
				GCC_WARN_UNUSED_VARIABLE = YES;
				IPHONEOS_DEPLOYMENT_TARGET = 17.5;
				LOCALIZATION_PREFERS_STRING_CATALOGS = YES;
				MTL_ENABLE_DEBUG_INFO = NO;
				MTL_FAST_MATH = YES;
				SDKROOT = iphoneos;
				SWIFT_COMPILATION_MODE = wholemodule;
				VALIDATE_PRODUCT = YES;
			};
			name = Release;
		};
		39A148D82C68CE2700D35D71 /* Debug */ = {
			isa = XCBuildConfiguration;
			buildSettings = {
				ASSETCATALOG_COMPILER_APPICON_NAME = AppIcon;
				ASSETCATALOG_COMPILER_GLOBAL_ACCENT_COLOR_NAME = AccentColor;
				CODE_SIGN_STYLE = Automatic;
				CURRENT_PROJECT_VERSION = 1;
				DEVELOPMENT_ASSET_PATHS = "\"ExplodingKittens/Preview Content\"";
				DEVELOPMENT_TEAM = 87AJUFVFXW;
				ENABLE_PREVIEWS = YES;
				GENERATE_INFOPLIST_FILE = YES;
				INFOPLIST_FILE = ExplodingKittens/Info.plist;
				INFOPLIST_KEY_UIApplicationSceneManifest_Generation = YES;
				INFOPLIST_KEY_UIApplicationSupportsIndirectInputEvents = YES;
				INFOPLIST_KEY_UILaunchScreen_Generation = YES;
				INFOPLIST_KEY_UISupportedInterfaceOrientations_iPad = "UIInterfaceOrientationPortrait UIInterfaceOrientationPortraitUpsideDown UIInterfaceOrientationLandscapeLeft UIInterfaceOrientationLandscapeRight";
				INFOPLIST_KEY_UISupportedInterfaceOrientations_iPhone = "UIInterfaceOrientationPortrait UIInterfaceOrientationLandscapeLeft UIInterfaceOrientationLandscapeRight";
				LD_RUNPATH_SEARCH_PATHS = (
					"$(inherited)",
					"@executable_path/Frameworks",
				);
				MARKETING_VERSION = 1.0;
				PRODUCT_BUNDLE_IDENTIFIER = vn.edu.rmit.nana.ExplodingKittens;
				PRODUCT_NAME = "$(TARGET_NAME)";
				SWIFT_EMIT_LOC_STRINGS = YES;
				SWIFT_VERSION = 5.0;
				TARGETED_DEVICE_FAMILY = "1,2";
			};
			name = Debug;
		};
		39A148D92C68CE2700D35D71 /* Release */ = {
			isa = XCBuildConfiguration;
			buildSettings = {
				ASSETCATALOG_COMPILER_APPICON_NAME = AppIcon;
				ASSETCATALOG_COMPILER_GLOBAL_ACCENT_COLOR_NAME = AccentColor;
				CODE_SIGN_STYLE = Automatic;
				CURRENT_PROJECT_VERSION = 1;
				DEVELOPMENT_ASSET_PATHS = "\"ExplodingKittens/Preview Content\"";
				DEVELOPMENT_TEAM = 87AJUFVFXW;
				ENABLE_PREVIEWS = YES;
				GENERATE_INFOPLIST_FILE = YES;
				INFOPLIST_FILE = ExplodingKittens/Info.plist;
				INFOPLIST_KEY_UIApplicationSceneManifest_Generation = YES;
				INFOPLIST_KEY_UIApplicationSupportsIndirectInputEvents = YES;
				INFOPLIST_KEY_UILaunchScreen_Generation = YES;
				INFOPLIST_KEY_UISupportedInterfaceOrientations_iPad = "UIInterfaceOrientationPortrait UIInterfaceOrientationPortraitUpsideDown UIInterfaceOrientationLandscapeLeft UIInterfaceOrientationLandscapeRight";
				INFOPLIST_KEY_UISupportedInterfaceOrientations_iPhone = "UIInterfaceOrientationPortrait UIInterfaceOrientationLandscapeLeft UIInterfaceOrientationLandscapeRight";
				LD_RUNPATH_SEARCH_PATHS = (
					"$(inherited)",
					"@executable_path/Frameworks",
				);
				MARKETING_VERSION = 1.0;
				PRODUCT_BUNDLE_IDENTIFIER = vn.edu.rmit.nana.ExplodingKittens;
				PRODUCT_NAME = "$(TARGET_NAME)";
				SWIFT_EMIT_LOC_STRINGS = YES;
				SWIFT_VERSION = 5.0;
				TARGETED_DEVICE_FAMILY = "1,2";
			};
			name = Release;
		};
/* End XCBuildConfiguration section */

/* Begin XCConfigurationList section */
		39A148C42C68CE2500D35D71 /* Build configuration list for PBXProject "ExplodingKittens" */ = {
			isa = XCConfigurationList;
			buildConfigurations = (
				39A148D52C68CE2700D35D71 /* Debug */,
				39A148D62C68CE2700D35D71 /* Release */,
			);
			defaultConfigurationIsVisible = 0;
			defaultConfigurationName = Release;
		};
		39A148D72C68CE2700D35D71 /* Build configuration list for PBXNativeTarget "ExplodingKittens" */ = {
			isa = XCConfigurationList;
			buildConfigurations = (
				39A148D82C68CE2700D35D71 /* Debug */,
				39A148D92C68CE2700D35D71 /* Release */,
			);
			defaultConfigurationIsVisible = 0;
			defaultConfigurationName = Release;
		};
/* End XCConfigurationList section */
	};
	rootObject = 39A148C12C68CE2500D35D71 /* Project object */;
}
